
Microsoft Visual Studio Solution File, Format Version 12.00
# Visual Studio Version 16
VisualStudioVersion = 16.0.31025.194
MinimumVisualStudioVersion = 10.0.40219.1
Project("{FAE04EC0-301F-11D3-BF4B-00C04F79EFBC}") = "NoDevFee", "NoDevFee.csproj", "{8C4C5E23-84B9-4DB7-A0E3-D1CE61D8DE6D}"
EndProject
Global
	GlobalSection(SolutionConfigurationPlatforms) = preSolution
		Debug|Any CPU = Debug|Any CPU
		Debug|x64 = Debug|x64
		Release|Any CPU = Release|Any CPU
		Release|x64 = Release|x64
	EndGlobalSection
	GlobalSection(ProjectConfigurationPlatforms) = postSolution
		{8C4C5E23-84B9-4DB7-A0E3-D1CE61D8DE6D}.Debug|Any CPU.ActiveCfg = Debug|Any CPU
		{8C4C5E23-84B9-4DB7-A0E3-D1CE61D8DE6D}.Debug|Any CPU.Build.0 = Debug|Any CPU
		{8C4C5E23-84B9-4DB7-A0E3-D1CE61D8DE6D}.Debug|x64.ActiveCfg = Debug|x64
		{8C4C5E23-84B9-4DB7-A0E3-D1CE61D8DE6D}.Debug|x64.Build.0 = Debug|x64
		{8C4C5E23-84B9-4DB7-A0E3-D1CE61D8DE6D}.Release|Any CPU.ActiveCfg = Release|Any CPU
		{8C4C5E23-84B9-4DB7-A0E3-D1CE61D8DE6D}.Release|Any CPU.Build.0 = Release|Any CPU
		{8C4C5E23-84B9-4DB7-A0E3-D1CE61D8DE6D}.Release|x64.ActiveCfg = Release|x64
		{8C4C5E23-84B9-4DB7-A0E3-D1CE61D8DE6D}.Release|x64.Build.0 = Release|x64
	EndGlobalSection
	GlobalSection(SolutionProperties) = preSolution
		HideSolutionNode = FALSE
	EndGlobalSection
	GlobalSection(ExtensibilityGlobals) = postSolution
		SolutionGuid = {F25804AD-D6D5-43E1-9C54-3D55EAA175C8}
	EndGlobalSection
EndGlobal
